
Microsoft Visual Studio Solution File, Format Version 12.00
# Visual Studio Version 17
VisualStudioVersion = 17.6.33829.357
MinimumVisualStudioVersion = 10.0.40219.1
Project("{FAE04EC0-301F-11D3-BF4B-00C04F79EFBC}") = "PackageTracker-API", "PackageTracker-API.csproj", "{8F857C69-AA67-41FE-B5EC-679B40104BFA}"
EndProject
Global
	GlobalSection(SolutionConfigurationPlatforms) = preSolution
		Debug|Any CPU = Debug|Any CPU
		Release|Any CPU = Release|Any CPU
	EndGlobalSection
	GlobalSection(ProjectConfigurationPlatforms) = postSolution
		{8F857C69-AA67-41FE-B5EC-679B40104BFA}.Debug|Any CPU.ActiveCfg = Debug|Any CPU
		{8F857C69-AA67-41FE-B5EC-679B40104BFA}.Debug|Any CPU.Build.0 = Debug|Any CPU
		{8F857C69-AA67-41FE-B5EC-679B40104BFA}.Release|Any CPU.ActiveCfg = Release|Any CPU
		{8F857C69-AA67-41FE-B5EC-679B40104BFA}.Release|Any CPU.Build.0 = Release|Any CPU
	EndGlobalSection
	GlobalSection(SolutionProperties) = preSolution
		HideSolutionNode = FALSE
	EndGlobalSection
	GlobalSection(ExtensibilityGlobals) = postSolution
		SolutionGuid = {8ED6A798-FCB5-420B-97AF-7F7083B6FDBC}
	EndGlobalSection
EndGlobal
